// !$*UTF8*$!
{
	archiveVersion = 1;
	classes = {
	};
	objectVersion = 50;
	objects = {

/* Begin PBXBuildFile section */
		6A3326BE2258A456001F1A38 /* AppDelegate.swift in Sources */ = {isa = PBXBuildFile; fileRef = 6A3326BD2258A456001F1A38 /* AppDelegate.swift */; };
		6A3326C52258A457001F1A38 /* Assets.xcassets in Resources */ = {isa = PBXBuildFile; fileRef = 6A3326C42258A457001F1A38 /* Assets.xcassets */; };
		6A3326C82258A457001F1A38 /* LaunchScreen.storyboard in Resources */ = {isa = PBXBuildFile; fileRef = 6A3326C62258A457001F1A38 /* LaunchScreen.storyboard */; };
		6A3326D12258A4CD001F1A38 /* CarsalesService.swift in Sources */ = {isa = PBXBuildFile; fileRef = 6A3326D02258A4CD001F1A38 /* CarsalesService.swift */; };
		6A3326D32258A5D7001F1A38 /* CarOverview.swift in Sources */ = {isa = PBXBuildFile; fileRef = 6A3326D22258A5D7001F1A38 /* CarOverview.swift */; };
		6A3326D52258A997001F1A38 /* CarListing.swift in Sources */ = {isa = PBXBuildFile; fileRef = 6A3326D42258A997001F1A38 /* CarListing.swift */; };
		6A3326D72258AAE1001F1A38 /* RetailCarsalesService.swift in Sources */ = {isa = PBXBuildFile; fileRef = 6A3326D62258AAE1001F1A38 /* RetailCarsalesService.swift */; };
		6A3326D92258AB65001F1A38 /* CarsalesServiceError.swift in Sources */ = {isa = PBXBuildFile; fileRef = 6A3326D82258AB65001F1A38 /* CarsalesServiceError.swift */; };
		6A9A403E2259B84B0014110F /* CarDetailsViewController.swift in Sources */ = {isa = PBXBuildFile; fileRef = 6A9A403C2259B84B0014110F /* CarDetailsViewController.swift */; };
		6A9A403F2259B84B0014110F /* CarDetailsViewController.xib in Resources */ = {isa = PBXBuildFile; fileRef = 6A9A403D2259B84B0014110F /* CarDetailsViewController.xib */; };
		6A9A40412259BB280014110F /* CarDetailsViewModel.swift in Sources */ = {isa = PBXBuildFile; fileRef = 6A9A40402259BB280014110F /* CarDetailsViewModel.swift */; };
		6A9F96FA2258C40E007AFEA0 /* CarDetails.swift in Sources */ = {isa = PBXBuildFile; fileRef = 6A9F96F92258C40E007AFEA0 /* CarDetails.swift */; };
		6AEC8F8B225963E000F2005C /* Secrets.plist in Resources */ = {isa = PBXBuildFile; fileRef = 6AEC8F8A225963E000F2005C /* Secrets.plist */; };
		6AEC8F8D22596E2500F2005C /* AppCoordinator.swift in Sources */ = {isa = PBXBuildFile; fileRef = 6AEC8F8C22596E2500F2005C /* AppCoordinator.swift */; };
		6AEC8F902259705500F2005C /* CarListingTableViewController.swift in Sources */ = {isa = PBXBuildFile; fileRef = 6AEC8F8F2259705500F2005C /* CarListingTableViewController.swift */; };
		6AEC8F9622597B2500F2005C /* CarListingTableViewCell.swift in Sources */ = {isa = PBXBuildFile; fileRef = 6AEC8F9422597B2500F2005C /* CarListingTableViewCell.swift */; };
		6AEC8F9722597B2500F2005C /* CarListingTableViewCell.xib in Resources */ = {isa = PBXBuildFile; fileRef = 6AEC8F9522597B2500F2005C /* CarListingTableViewCell.xib */; };
		6AEC8F9B2259909400F2005C /* CarListingTableViewModel.swift in Sources */ = {isa = PBXBuildFile; fileRef = 6AEC8F9A2259909400F2005C /* CarListingTableViewModel.swift */; };
/* End PBXBuildFile section */

/* Begin PBXFileReference section */
		6A3326BA2258A456001F1A38 /* carsales.app */ = {isa = PBXFileReference; explicitFileType = wrapper.application; includeInIndex = 0; path = carsales.app; sourceTree = BUILT_PRODUCTS_DIR; };
		6A3326BD2258A456001F1A38 /* AppDelegate.swift */ = {isa = PBXFileReference; lastKnownFileType = sourcecode.swift; path = AppDelegate.swift; sourceTree = "<group>"; };
		6A3326C42258A457001F1A38 /* Assets.xcassets */ = {isa = PBXFileReference; lastKnownFileType = folder.assetcatalog; path = Assets.xcassets; sourceTree = "<group>"; };
		6A3326C72258A457001F1A38 /* Base */ = {isa = PBXFileReference; lastKnownFileType = file.storyboard; name = Base; path = Base.lproj/LaunchScreen.storyboard; sourceTree = "<group>"; };
		6A3326C92258A457001F1A38 /* Info.plist */ = {isa = PBXFileReference; lastKnownFileType = text.plist.xml; path = Info.plist; sourceTree = "<group>"; };
		6A3326D02258A4CD001F1A38 /* CarsalesService.swift */ = {isa = PBXFileReference; lastKnownFileType = sourcecode.swift; path = CarsalesService.swift; sourceTree = "<group>"; };
		6A3326D22258A5D7001F1A38 /* CarOverview.swift */ = {isa = PBXFileReference; lastKnownFileType = sourcecode.swift; path = CarOverview.swift; sourceTree = "<group>"; };
		6A3326D42258A997001F1A38 /* CarListing.swift */ = {isa = PBXFileReference; lastKnownFileType = sourcecode.swift; path = CarListing.swift; sourceTree = "<group>"; };
		6A3326D62258AAE1001F1A38 /* RetailCarsalesService.swift */ = {isa = PBXFileReference; lastKnownFileType = sourcecode.swift; path = RetailCarsalesService.swift; sourceTree = "<group>"; };
		6A3326D82258AB65001F1A38 /* CarsalesServiceError.swift */ = {isa = PBXFileReference; lastKnownFileType = sourcecode.swift; path = CarsalesServiceError.swift; sourceTree = "<group>"; };
		6A9A403C2259B84B0014110F /* CarDetailsViewController.swift */ = {isa = PBXFileReference; lastKnownFileType = sourcecode.swift; path = CarDetailsViewController.swift; sourceTree = "<group>"; };
		6A9A403D2259B84B0014110F /* CarDetailsViewController.xib */ = {isa = PBXFileReference; lastKnownFileType = file.xib; path = CarDetailsViewController.xib; sourceTree = "<group>"; };
		6A9A40402259BB280014110F /* CarDetailsViewModel.swift */ = {isa = PBXFileReference; lastKnownFileType = sourcecode.swift; path = CarDetailsViewModel.swift; sourceTree = "<group>"; };
		6A9F96F92258C40E007AFEA0 /* CarDetails.swift */ = {isa = PBXFileReference; lastKnownFileType = sourcecode.swift; path = CarDetails.swift; sourceTree = "<group>"; };
		6AEC8F8A225963E000F2005C /* Secrets.plist */ = {isa = PBXFileReference; lastKnownFileType = text.plist.xml; path = Secrets.plist; sourceTree = "<group>"; };
		6AEC8F8C22596E2500F2005C /* AppCoordinator.swift */ = {isa = PBXFileReference; lastKnownFileType = sourcecode.swift; path = AppCoordinator.swift; sourceTree = "<group>"; };
		6AEC8F8F2259705500F2005C /* CarListingTableViewController.swift */ = {isa = PBXFileReference; lastKnownFileType = sourcecode.swift; path = CarListingTableViewController.swift; sourceTree = "<group>"; };
		6AEC8F9422597B2500F2005C /* CarListingTableViewCell.swift */ = {isa = PBXFileReference; lastKnownFileType = sourcecode.swift; path = CarListingTableViewCell.swift; sourceTree = "<group>"; };
		6AEC8F9522597B2500F2005C /* CarListingTableViewCell.xib */ = {isa = PBXFileReference; lastKnownFileType = file.xib; path = CarListingTableViewCell.xib; sourceTree = "<group>"; };
		6AEC8F9A2259909400F2005C /* CarListingTableViewModel.swift */ = {isa = PBXFileReference; lastKnownFileType = sourcecode.swift; path = CarListingTableViewModel.swift; sourceTree = "<group>"; };
/* End PBXFileReference section */

/* Begin PBXFrameworksBuildPhase section */
		6A3326B72258A456001F1A38 /* Frameworks */ = {
			isa = PBXFrameworksBuildPhase;
			buildActionMask = 2147483647;
			files = (
			);
			runOnlyForDeploymentPostprocessing = 0;
		};
/* End PBXFrameworksBuildPhase section */

/* Begin PBXGroup section */
		6A3326B12258A456001F1A38 = {
			isa = PBXGroup;
			children = (
				6A3326BC2258A456001F1A38 /* carsales */,
				6A3326BB2258A456001F1A38 /* Products */,
			);
			sourceTree = "<group>";
		};
		6A3326BB2258A456001F1A38 /* Products */ = {
			isa = PBXGroup;
			children = (
				6A3326BA2258A456001F1A38 /* carsales.app */,
			);
			name = Products;
			sourceTree = "<group>";
		};
		6A3326BC2258A456001F1A38 /* carsales */ = {
			isa = PBXGroup;
			children = (
				6AEC8F9C2259909E00F2005C /* ViewModel */,
				6AEC8F9322597AF900F2005C /* Views */,
				6AEC8F8E2259703C00F2005C /* Controllers */,
				6A3326CF2258A473001F1A38 /* Model */,
				6A3326BD2258A456001F1A38 /* AppDelegate.swift */,
				6AEC8F8C22596E2500F2005C /* AppCoordinator.swift */,
				6A3326C42258A457001F1A38 /* Assets.xcassets */,
				6A3326C62258A457001F1A38 /* LaunchScreen.storyboard */,
				6A3326C92258A457001F1A38 /* Info.plist */,
				6AEC8F8A225963E000F2005C /* Secrets.plist */,
			);
			path = carsales;
			sourceTree = "<group>";
		};
		6A3326CF2258A473001F1A38 /* Model */ = {
			isa = PBXGroup;
			children = (
				6A3326D02258A4CD001F1A38 /* CarsalesService.swift */,
				6A3326D22258A5D7001F1A38 /* CarOverview.swift */,
				6A3326D42258A997001F1A38 /* CarListing.swift */,
				6A3326D62258AAE1001F1A38 /* RetailCarsalesService.swift */,
				6A3326D82258AB65001F1A38 /* CarsalesServiceError.swift */,
				6A9F96F92258C40E007AFEA0 /* CarDetails.swift */,
			);
			path = Model;
			sourceTree = "<group>";
		};
		6AEC8F8E2259703C00F2005C /* Controllers */ = {
			isa = PBXGroup;
			children = (
				6AEC8F8F2259705500F2005C /* CarListingTableViewController.swift */,
				6A9A403C2259B84B0014110F /* CarDetailsViewController.swift */,
				6A9A403D2259B84B0014110F /* CarDetailsViewController.xib */,
			);
			path = Controllers;
			sourceTree = "<group>";
		};
		6AEC8F9322597AF900F2005C /* Views */ = {
			isa = PBXGroup;
			children = (
				6AEC8F9422597B2500F2005C /* CarListingTableViewCell.swift */,
				6AEC8F9522597B2500F2005C /* CarListingTableViewCell.xib */,
			);
			path = Views;
			sourceTree = "<group>";
		};
		6AEC8F9C2259909E00F2005C /* ViewModel */ = {
			isa = PBXGroup;
			children = (
				6AEC8F9A2259909400F2005C /* CarListingTableViewModel.swift */,
				6A9A40402259BB280014110F /* CarDetailsViewModel.swift */,
			);
			path = ViewModel;
			sourceTree = "<group>";
		};
/* End PBXGroup section */

/* Begin PBXNativeTarget section */
		6A3326B92258A456001F1A38 /* carsales */ = {
			isa = PBXNativeTarget;
			buildConfigurationList = 6A3326CC2258A457001F1A38 /* Build configuration list for PBXNativeTarget "carsales" */;
			buildPhases = (
				6A3326B62258A456001F1A38 /* Sources */,
				6A3326B72258A456001F1A38 /* Frameworks */,
				6A3326B82258A456001F1A38 /* Resources */,
			);
			buildRules = (
			);
			dependencies = (
			);
			name = carsales;
			productName = carsales;
			productReference = 6A3326BA2258A456001F1A38 /* carsales.app */;
			productType = "com.apple.product-type.application";
		};
/* End PBXNativeTarget section */

/* Begin PBXProject section */
		6A3326B22258A456001F1A38 /* Project object */ = {
			isa = PBXProject;
			attributes = {
				LastSwiftUpdateCheck = 1020;
				LastUpgradeCheck = 1020;
				ORGANIZATIONNAME = "Charisse Co";
				TargetAttributes = {
					6A3326B92258A456001F1A38 = {
						CreatedOnToolsVersion = 10.2;
					};
				};
			};
			buildConfigurationList = 6A3326B52258A456001F1A38 /* Build configuration list for PBXProject "carsales" */;
			compatibilityVersion = "Xcode 9.3";
			developmentRegion = en;
			hasScannedForEncodings = 0;
			knownRegions = (
				en,
				Base,
			);
			mainGroup = 6A3326B12258A456001F1A38;
			productRefGroup = 6A3326BB2258A456001F1A38 /* Products */;
			projectDirPath = "";
			projectRoot = "";
			targets = (
				6A3326B92258A456001F1A38 /* carsales */,
			);
		};
/* End PBXProject section */

/* Begin PBXResourcesBuildPhase section */
		6A3326B82258A456001F1A38 /* Resources */ = {
			isa = PBXResourcesBuildPhase;
			buildActionMask = 2147483647;
			files = (
				6AEC8F8B225963E000F2005C /* Secrets.plist in Resources */,
				6A3326C82258A457001F1A38 /* LaunchScreen.storyboard in Resources */,
				6A9A403F2259B84B0014110F /* CarDetailsViewController.xib in Resources */,
				6AEC8F9722597B2500F2005C /* CarListingTableViewCell.xib in Resources */,
				6A3326C52258A457001F1A38 /* Assets.xcassets in Resources */,
			);
			runOnlyForDeploymentPostprocessing = 0;
		};
/* End PBXResourcesBuildPhase section */

/* Begin PBXSourcesBuildPhase section */
		6A3326B62258A456001F1A38 /* Sources */ = {
			isa = PBXSourcesBuildPhase;
			buildActionMask = 2147483647;
			files = (
				6A3326D12258A4CD001F1A38 /* CarsalesService.swift in Sources */,
				6A3326D92258AB65001F1A38 /* CarsalesServiceError.swift in Sources */,
				6A9A403E2259B84B0014110F /* CarDetailsViewController.swift in Sources */,
				6A3326D72258AAE1001F1A38 /* RetailCarsalesService.swift in Sources */,
				6A3326D52258A997001F1A38 /* CarListing.swift in Sources */,
				6A3326BE2258A456001F1A38 /* AppDelegate.swift in Sources */,
				6AEC8F902259705500F2005C /* CarListingTableViewController.swift in Sources */,
				6A9A40412259BB280014110F /* CarDetailsViewModel.swift in Sources */,
				6AEC8F8D22596E2500F2005C /* AppCoordinator.swift in Sources */,
				6A3326D32258A5D7001F1A38 /* CarOverview.swift in Sources */,
				6AEC8F9B2259909400F2005C /* CarListingTableViewModel.swift in Sources */,
				6AEC8F9622597B2500F2005C /* CarListingTableViewCell.swift in Sources */,
				6A9F96FA2258C40E007AFEA0 /* CarDetails.swift in Sources */,
			);
			runOnlyForDeploymentPostprocessing = 0;
		};
/* End PBXSourcesBuildPhase section */

/* Begin PBXVariantGroup section */
		6A3326C62258A457001F1A38 /* LaunchScreen.storyboard */ = {
			isa = PBXVariantGroup;
			children = (
				6A3326C72258A457001F1A38 /* Base */,
			);
			name = LaunchScreen.storyboard;
			sourceTree = "<group>";
		};
/* End PBXVariantGroup section */

/* Begin XCBuildConfiguration section */
		6A3326CA2258A457001F1A38 /* Debug */ = {
			isa = XCBuildConfiguration;
			buildSettings = {
				ALWAYS_SEARCH_USER_PATHS = NO;
				CLANG_ANALYZER_NONNULL = YES;
				CLANG_ANALYZER_NUMBER_OBJECT_CONVERSION = YES_AGGRESSIVE;
				CLANG_CXX_LANGUAGE_STANDARD = "gnu++14";
				CLANG_CXX_LIBRARY = "libc++";
				CLANG_ENABLE_MODULES = YES;
				CLANG_ENABLE_OBJC_ARC = YES;
				CLANG_ENABLE_OBJC_WEAK = YES;
				CLANG_WARN_BLOCK_CAPTURE_AUTORELEASING = YES;
				CLANG_WARN_BOOL_CONVERSION = YES;
				CLANG_WARN_COMMA = YES;
				CLANG_WARN_CONSTANT_CONVERSION = YES;
				CLANG_WARN_DEPRECATED_OBJC_IMPLEMENTATIONS = YES;
				CLANG_WARN_DIRECT_OBJC_ISA_USAGE = YES_ERROR;
				CLANG_WARN_DOCUMENTATION_COMMENTS = YES;
				CLANG_WARN_EMPTY_BODY = YES;
				CLANG_WARN_ENUM_CONVERSION = YES;
				CLANG_WARN_INFINITE_RECURSION = YES;
				CLANG_WARN_INT_CONVERSION = YES;
				CLANG_WARN_NON_LITERAL_NULL_CONVERSION = YES;
				CLANG_WARN_OBJC_IMPLICIT_RETAIN_SELF = YES;
				CLANG_WARN_OBJC_LITERAL_CONVERSION = YES;
				CLANG_WARN_OBJC_ROOT_CLASS = YES_ERROR;
				CLANG_WARN_RANGE_LOOP_ANALYSIS = YES;
				CLANG_WARN_STRICT_PROTOTYPES = YES;
				CLANG_WARN_SUSPICIOUS_MOVE = YES;
				CLANG_WARN_UNGUARDED_AVAILABILITY = YES_AGGRESSIVE;
				CLANG_WARN_UNREACHABLE_CODE = YES;
				CLANG_WARN__DUPLICATE_METHOD_MATCH = YES;
				CODE_SIGN_IDENTITY = "iPhone Developer";
				COPY_PHASE_STRIP = NO;
				DEBUG_INFORMATION_FORMAT = dwarf;
				ENABLE_STRICT_OBJC_MSGSEND = YES;
				ENABLE_TESTABILITY = YES;
				GCC_C_LANGUAGE_STANDARD = gnu11;
				GCC_DYNAMIC_NO_PIC = NO;
				GCC_NO_COMMON_BLOCKS = YES;
				GCC_OPTIMIZATION_LEVEL = 0;
				GCC_PREPROCESSOR_DEFINITIONS = (
					"DEBUG=1",
					"$(inherited)",
				);
				GCC_WARN_64_TO_32_BIT_CONVERSION = YES;
				GCC_WARN_ABOUT_RETURN_TYPE = YES_ERROR;
				GCC_WARN_UNDECLARED_SELECTOR = YES;
				GCC_WARN_UNINITIALIZED_AUTOS = YES_AGGRESSIVE;
				GCC_WARN_UNUSED_FUNCTION = YES;
				GCC_WARN_UNUSED_VARIABLE = YES;
				IPHONEOS_DEPLOYMENT_TARGET = 12.2;
				MTL_ENABLE_DEBUG_INFO = INCLUDE_SOURCE;
				MTL_FAST_MATH = YES;
				ONLY_ACTIVE_ARCH = YES;
				SDKROOT = iphoneos;
				SWIFT_ACTIVE_COMPILATION_CONDITIONS = DEBUG;
				SWIFT_OPTIMIZATION_LEVEL = "-Onone";
			};
			name = Debug;
		};
		6A3326CB2258A457001F1A38 /* Release */ = {
			isa = XCBuildConfiguration;
			buildSettings = {
				ALWAYS_SEARCH_USER_PATHS = NO;
				CLANG_ANALYZER_NONNULL = YES;
				CLANG_ANALYZER_NUMBER_OBJECT_CONVERSION = YES_AGGRESSIVE;
				CLANG_CXX_LANGUAGE_STANDARD = "gnu++14";
				CLANG_CXX_LIBRARY = "libc++";
				CLANG_ENABLE_MODULES = YES;
				CLANG_ENABLE_OBJC_ARC = YES;
				CLANG_ENABLE_OBJC_WEAK = YES;
				CLANG_WARN_BLOCK_CAPTURE_AUTORELEASING = YES;
				CLANG_WARN_BOOL_CONVERSION = YES;
				CLANG_WARN_COMMA = YES;
				CLANG_WARN_CONSTANT_CONVERSION = YES;
				CLANG_WARN_DEPRECATED_OBJC_IMPLEMENTATIONS = YES;
				CLANG_WARN_DIRECT_OBJC_ISA_USAGE = YES_ERROR;
				CLANG_WARN_DOCUMENTATION_COMMENTS = YES;
				CLANG_WARN_EMPTY_BODY = YES;
				CLANG_WARN_ENUM_CONVERSION = YES;
				CLANG_WARN_INFINITE_RECURSION = YES;
				CLANG_WARN_INT_CONVERSION = YES;
				CLANG_WARN_NON_LITERAL_NULL_CONVERSION = YES;
				CLANG_WARN_OBJC_IMPLICIT_RETAIN_SELF = YES;
				CLANG_WARN_OBJC_LITERAL_CONVERSION = YES;
				CLANG_WARN_OBJC_ROOT_CLASS = YES_ERROR;
				CLANG_WARN_RANGE_LOOP_ANALYSIS = YES;
				CLANG_WARN_STRICT_PROTOTYPES = YES;
				CLANG_WARN_SUSPICIOUS_MOVE = YES;
				CLANG_WARN_UNGUARDED_AVAILABILITY = YES_AGGRESSIVE;
				CLANG_WARN_UNREACHABLE_CODE = YES;
				CLANG_WARN__DUPLICATE_METHOD_MATCH = YES;
				CODE_SIGN_IDENTITY = "iPhone Developer";
				COPY_PHASE_STRIP = NO;
				DEBUG_INFORMATION_FORMAT = "dwarf-with-dsym";
				ENABLE_NS_ASSERTIONS = NO;
				ENABLE_STRICT_OBJC_MSGSEND = YES;
				GCC_C_LANGUAGE_STANDARD = gnu11;
				GCC_NO_COMMON_BLOCKS = YES;
				GCC_WARN_64_TO_32_BIT_CONVERSION = YES;
				GCC_WARN_ABOUT_RETURN_TYPE = YES_ERROR;
				GCC_WARN_UNDECLARED_SELECTOR = YES;
				GCC_WARN_UNINITIALIZED_AUTOS = YES_AGGRESSIVE;
				GCC_WARN_UNUSED_FUNCTION = YES;
				GCC_WARN_UNUSED_VARIABLE = YES;
				IPHONEOS_DEPLOYMENT_TARGET = 12.2;
				MTL_ENABLE_DEBUG_INFO = NO;
				MTL_FAST_MATH = YES;
				SDKROOT = iphoneos;
				SWIFT_COMPILATION_MODE = wholemodule;
				SWIFT_OPTIMIZATION_LEVEL = "-O";
				VALIDATE_PRODUCT = YES;
			};
			name = Release;
		};
		6A3326CD2258A457001F1A38 /* Debug */ = {
			isa = XCBuildConfiguration;
			buildSettings = {
				ASSETCATALOG_COMPILER_APPICON_NAME = AppIcon;
				CODE_SIGN_STYLE = Automatic;
				INFOPLIST_FILE = carsales/Info.plist;
				LD_RUNPATH_SEARCH_PATHS = (
					"$(inherited)",
					"@executable_path/Frameworks",
				);
				PRODUCT_BUNDLE_IDENTIFIER = com.charisse.co.carsales;
				PRODUCT_NAME = "$(TARGET_NAME)";
				SWIFT_VERSION = 5.0;
				TARGETED_DEVICE_FAMILY = "1,2";
			};
			name = Debug;
		};
		6A3326CE2258A457001F1A38 /* Release */ = {
			isa = XCBuildConfiguration;
			buildSettings = {
				ASSETCATALOG_COMPILER_APPICON_NAME = AppIcon;
				CODE_SIGN_STYLE = Automatic;
				INFOPLIST_FILE = carsales/Info.plist;
				LD_RUNPATH_SEARCH_PATHS = (
					"$(inherited)",
					"@executable_path/Frameworks",
				);
				PRODUCT_BUNDLE_IDENTIFIER = com.charisse.co.carsales;
				PRODUCT_NAME = "$(TARGET_NAME)";
				SWIFT_VERSION = 5.0;
				TARGETED_DEVICE_FAMILY = "1,2";
			};
			name = Release;
		};
/* End XCBuildConfiguration section */

/* Begin XCConfigurationList section */
		6A3326B52258A456001F1A38 /* Build configuration list for PBXProject "carsales" */ = {
			isa = XCConfigurationList;
			buildConfigurations = (
				6A3326CA2258A457001F1A38 /* Debug */,
				6A3326CB2258A457001F1A38 /* Release */,
			);
			defaultConfigurationIsVisible = 0;
			defaultConfigurationName = Release;
		};
		6A3326CC2258A457001F1A38 /* Build configuration list for PBXNativeTarget "carsales" */ = {
			isa = XCConfigurationList;
			buildConfigurations = (
				6A3326CD2258A457001F1A38 /* Debug */,
				6A3326CE2258A457001F1A38 /* Release */,
			);
			defaultConfigurationIsVisible = 0;
			defaultConfigurationName = Release;
		};
/* End XCConfigurationList section */
	};
	rootObject = 6A3326B22258A456001F1A38 /* Project object */;
}
